
Microsoft Visual Studio Solution File, Format Version 12.00
# Visual Studio Version 16
VisualStudioVersion = 16.0.29613.14
MinimumVisualStudioVersion = 15.0.26124.0
Project("{2150E333-8FDC-42A3-9474-1A3956D46DE8}") = "src", "src", "{4BE557FE-EC69-4F93-86FD-880300B87D01}"
EndProject
Project("{9A19103F-16F7-4668-BE54-9A1E7A4F7556}") = "TCS.Domain", "src\TCS.Domain\TCS.Domain.csproj", "{A32924B7-E306-4C72-B04C-5D8A588CA8A7}"
EndProject
Project("{2150E333-8FDC-42A3-9474-1A3956D46DE8}") = "Solution Items", "Solution Items", "{10E46174-260A-4CF7-A50F-FA29C7E08BA6}"
	ProjectSection(SolutionItems) = preProject
		.editorconfig = .editorconfig
		.gitattributes = .gitattributes
		.gitignore = .gitignore
		.travis.yml = .travis.yml
		README.md = README.md
	EndProjectSection
EndProject
Project("{2150E333-8FDC-42A3-9474-1A3956D46DE8}") = "test", "test", "{5BC88286-A057-4BBF-821D-E8D456C16447}"
EndProject
Project("{9A19103F-16F7-4668-BE54-9A1E7A4F7556}") = "TCS.Test", "test\TCS.Test\TCS.Test.csproj", "{F6E9FAA4-BA5E-4DD6-9EA0-C0034EA82117}"
EndProject
Project("{FAE04EC0-301F-11D3-BF4B-00C04F79EFBC}") = "TCS.App", "src\TCS.App\TCS.App.csproj", "{779EF643-5745-4F61-B657-50D9C4122EEF}"
EndProject
Global
	GlobalSection(SolutionConfigurationPlatforms) = preSolution
		Debug|Any CPU = Debug|Any CPU
		Debug|x64 = Debug|x64
		Debug|x86 = Debug|x86
		Release|Any CPU = Release|Any CPU
		Release|x64 = Release|x64
		Release|x86 = Release|x86
	EndGlobalSection
	GlobalSection(ProjectConfigurationPlatforms) = postSolution
		{A32924B7-E306-4C72-B04C-5D8A588CA8A7}.Debug|Any CPU.ActiveCfg = Debug|Any CPU
		{A32924B7-E306-4C72-B04C-5D8A588CA8A7}.Debug|Any CPU.Build.0 = Debug|Any CPU
		{A32924B7-E306-4C72-B04C-5D8A588CA8A7}.Debug|x64.ActiveCfg = Debug|Any CPU
		{A32924B7-E306-4C72-B04C-5D8A588CA8A7}.Debug|x64.Build.0 = Debug|Any CPU
		{A32924B7-E306-4C72-B04C-5D8A588CA8A7}.Debug|x86.ActiveCfg = Debug|Any CPU
		{A32924B7-E306-4C72-B04C-5D8A588CA8A7}.Debug|x86.Build.0 = Debug|Any CPU
		{A32924B7-E306-4C72-B04C-5D8A588CA8A7}.Release|Any CPU.ActiveCfg = Release|Any CPU
		{A32924B7-E306-4C72-B04C-5D8A588CA8A7}.Release|Any CPU.Build.0 = Release|Any CPU
		{A32924B7-E306-4C72-B04C-5D8A588CA8A7}.Release|x64.ActiveCfg = Release|Any CPU
		{A32924B7-E306-4C72-B04C-5D8A588CA8A7}.Release|x64.Build.0 = Release|Any CPU
		{A32924B7-E306-4C72-B04C-5D8A588CA8A7}.Release|x86.ActiveCfg = Release|Any CPU
		{A32924B7-E306-4C72-B04C-5D8A588CA8A7}.Release|x86.Build.0 = Release|Any CPU
		{F6E9FAA4-BA5E-4DD6-9EA0-C0034EA82117}.Debug|Any CPU.ActiveCfg = Debug|Any CPU
		{F6E9FAA4-BA5E-4DD6-9EA0-C0034EA82117}.Debug|Any CPU.Build.0 = Debug|Any CPU
		{F6E9FAA4-BA5E-4DD6-9EA0-C0034EA82117}.Debug|x64.ActiveCfg = Debug|Any CPU
		{F6E9FAA4-BA5E-4DD6-9EA0-C0034EA82117}.Debug|x64.Build.0 = Debug|Any CPU
		{F6E9FAA4-BA5E-4DD6-9EA0-C0034EA82117}.Debug|x86.ActiveCfg = Debug|Any CPU
		{F6E9FAA4-BA5E-4DD6-9EA0-C0034EA82117}.Debug|x86.Build.0 = Debug|Any CPU
		{F6E9FAA4-BA5E-4DD6-9EA0-C0034EA82117}.Release|Any CPU.ActiveCfg = Release|Any CPU
		{F6E9FAA4-BA5E-4DD6-9EA0-C0034EA82117}.Release|Any CPU.Build.0 = Release|Any CPU
		{F6E9FAA4-BA5E-4DD6-9EA0-C0034EA82117}.Release|x64.ActiveCfg = Release|Any CPU
		{F6E9FAA4-BA5E-4DD6-9EA0-C0034EA82117}.Release|x64.Build.0 = Release|Any CPU
		{F6E9FAA4-BA5E-4DD6-9EA0-C0034EA82117}.Release|x86.ActiveCfg = Release|Any CPU
		{F6E9FAA4-BA5E-4DD6-9EA0-C0034EA82117}.Release|x86.Build.0 = Release|Any CPU
		{779EF643-5745-4F61-B657-50D9C4122EEF}.Debug|Any CPU.ActiveCfg = Debug|Any CPU
		{779EF643-5745-4F61-B657-50D9C4122EEF}.Debug|Any CPU.Build.0 = Debug|Any CPU
		{779EF643-5745-4F61-B657-50D9C4122EEF}.Debug|x64.ActiveCfg = Debug|Any CPU
		{779EF643-5745-4F61-B657-50D9C4122EEF}.Debug|x64.Build.0 = Debug|Any CPU
		{779EF643-5745-4F61-B657-50D9C4122EEF}.Debug|x86.ActiveCfg = Debug|Any CPU
		{779EF643-5745-4F61-B657-50D9C4122EEF}.Debug|x86.Build.0 = Debug|Any CPU
		{779EF643-5745-4F61-B657-50D9C4122EEF}.Release|Any CPU.ActiveCfg = Release|Any CPU
		{779EF643-5745-4F61-B657-50D9C4122EEF}.Release|Any CPU.Build.0 = Release|Any CPU
		{779EF643-5745-4F61-B657-50D9C4122EEF}.Release|x64.ActiveCfg = Release|Any CPU
		{779EF643-5745-4F61-B657-50D9C4122EEF}.Release|x64.Build.0 = Release|Any CPU
		{779EF643-5745-4F61-B657-50D9C4122EEF}.Release|x86.ActiveCfg = Release|Any CPU
		{779EF643-5745-4F61-B657-50D9C4122EEF}.Release|x86.Build.0 = Release|Any CPU
	EndGlobalSection
	GlobalSection(SolutionProperties) = preSolution
		HideSolutionNode = FALSE
	EndGlobalSection
	GlobalSection(NestedProjects) = preSolution
		{A32924B7-E306-4C72-B04C-5D8A588CA8A7} = {4BE557FE-EC69-4F93-86FD-880300B87D01}
		{F6E9FAA4-BA5E-4DD6-9EA0-C0034EA82117} = {5BC88286-A057-4BBF-821D-E8D456C16447}
		{779EF643-5745-4F61-B657-50D9C4122EEF} = {4BE557FE-EC69-4F93-86FD-880300B87D01}
	EndGlobalSection
	GlobalSection(ExtensibilityGlobals) = postSolution
		SolutionGuid = {DA61013A-2A57-4A1F-B4AF-9663C92C1E9B}
	EndGlobalSection
EndGlobal
